
Microsoft Visual Studio Solution File, Format Version 12.00
# Visual Studio Version 17
VisualStudioVersion = 17.3.32825.248
MinimumVisualStudioVersion = 10.0.40219.1
Project("{FAE04EC0-301F-11D3-BF4B-00C04F79EFBC}") = "Kalkulačka s While", "Kalkulačka s While\Kalkulačka s While.csproj", "{EAAC8E80-B3CB-4DD5-A425-C0B218E7ED6C}"
EndProject
Global
	GlobalSection(SolutionConfigurationPlatforms) = preSolution
		Debug|Any CPU = Debug|Any CPU
		Release|Any CPU = Release|Any CPU
	EndGlobalSection
	GlobalSection(ProjectConfigurationPlatforms) = postSolution
		{EAAC8E80-B3CB-4DD5-A425-C0B218E7ED6C}.Debug|Any CPU.ActiveCfg = Debug|Any CPU
		{EAAC8E80-B3CB-4DD5-A425-C0B218E7ED6C}.Debug|Any CPU.Build.0 = Debug|Any CPU
		{EAAC8E80-B3CB-4DD5-A425-C0B218E7ED6C}.Release|Any CPU.ActiveCfg = Release|Any CPU
		{EAAC8E80-B3CB-4DD5-A425-C0B218E7ED6C}.Release|Any CPU.Build.0 = Release|Any CPU
	EndGlobalSection
	GlobalSection(SolutionProperties) = preSolution
		HideSolutionNode = FALSE
	EndGlobalSection
	GlobalSection(ExtensibilityGlobals) = postSolution
		SolutionGuid = {3C2D25FB-907E-4467-BC9D-7FC6ED5A9230}
	EndGlobalSection
EndGlobal
